
Microsoft Visual Studio Solution File, Format Version 12.00
# Visual Studio Version 17
VisualStudioVersion = 17.1.32407.343
MinimumVisualStudioVersion = 10.0.40219.1
Project("{FAE04EC0-301F-11D3-BF4B-00C04F79EFBC}") = "Project_web_app2", "Project_web_app2.csproj", "{686F5041-8B04-4F96-9D11-D54FBCD3A2EB}"
EndProject
Global
	GlobalSection(SolutionConfigurationPlatforms) = preSolution
		Debug|Any CPU = Debug|Any CPU
		Release|Any CPU = Release|Any CPU
	EndGlobalSection
	GlobalSection(ProjectConfigurationPlatforms) = postSolution
		{686F5041-8B04-4F96-9D11-D54FBCD3A2EB}.Debug|Any CPU.ActiveCfg = Debug|Any CPU
		{686F5041-8B04-4F96-9D11-D54FBCD3A2EB}.Debug|Any CPU.Build.0 = Debug|Any CPU
		{686F5041-8B04-4F96-9D11-D54FBCD3A2EB}.Release|Any CPU.ActiveCfg = Release|Any CPU
		{686F5041-8B04-4F96-9D11-D54FBCD3A2EB}.Release|Any CPU.Build.0 = Release|Any CPU
	EndGlobalSection
	GlobalSection(SolutionProperties) = preSolution
		HideSolutionNode = FALSE
	EndGlobalSection
	GlobalSection(ExtensibilityGlobals) = postSolution
		SolutionGuid = {A2AE1AAC-2F5E-4E05-8C19-46C7F8ABF531}
	EndGlobalSection
EndGlobal
